// !$*UTF8*$!
{
	archiveVersion = 1;
	classes = {
	};
	objectVersion = 55;
	objects = {

/* Begin PBXBuildFile section */
		DD610CDE2822005800C74591 /* ChallengeMvpApp.swift in Sources */ = {isa = PBXBuildFile; fileRef = DD610CDD2822005800C74591 /* ChallengeMvpApp.swift */; };
		DD610CE02822005800C74591 /* ContentView.swift in Sources */ = {isa = PBXBuildFile; fileRef = DD610CDF2822005800C74591 /* ContentView.swift */; };
		DD610CE22822005A00C74591 /* Assets.xcassets in Resources */ = {isa = PBXBuildFile; fileRef = DD610CE12822005A00C74591 /* Assets.xcassets */; };
		DD610CE52822005A00C74591 /* Preview Assets.xcassets in Resources */ = {isa = PBXBuildFile; fileRef = DD610CE42822005A00C74591 /* Preview Assets.xcassets */; };
		DD610CED2822011D00C74591 /* NoticiasView.swift in Sources */ = {isa = PBXBuildFile; fileRef = DD610CEC2822011D00C74591 /* NoticiasView.swift */; };
		DD610CEF2822012C00C74591 /* OcorrenciasView.swift in Sources */ = {isa = PBXBuildFile; fileRef = DD610CEE2822012C00C74591 /* OcorrenciasView.swift */; };
		DD610CF12822014400C74591 /* PerfilView.swift in Sources */ = {isa = PBXBuildFile; fileRef = DD610CF02822014400C74591 /* PerfilView.swift */; };
		DD610CF32822015000C74591 /* SaudeView.swift in Sources */ = {isa = PBXBuildFile; fileRef = DD610CF22822015000C74591 /* SaudeView.swift */; };
		DD610CF5282201B000C74591 /* MarcarConsultaView.swift in Sources */ = {isa = PBXBuildFile; fileRef = DD610CF4282201B000C74591 /* MarcarConsultaView.swift */; };
/* End PBXBuildFile section */

/* Begin PBXFileReference section */
		DD610CDA2822005800C74591 /* ChallengeMvp.app */ = {isa = PBXFileReference; explicitFileType = wrapper.application; includeInIndex = 0; path = ChallengeMvp.app; sourceTree = BUILT_PRODUCTS_DIR; };
		DD610CDD2822005800C74591 /* ChallengeMvpApp.swift */ = {isa = PBXFileReference; lastKnownFileType = sourcecode.swift; path = ChallengeMvpApp.swift; sourceTree = "<group>"; };
		DD610CDF2822005800C74591 /* ContentView.swift */ = {isa = PBXFileReference; lastKnownFileType = sourcecode.swift; path = ContentView.swift; sourceTree = "<group>"; };
		DD610CE12822005A00C74591 /* Assets.xcassets */ = {isa = PBXFileReference; lastKnownFileType = folder.assetcatalog; path = Assets.xcassets; sourceTree = "<group>"; };
		DD610CE42822005A00C74591 /* Preview Assets.xcassets */ = {isa = PBXFileReference; lastKnownFileType = folder.assetcatalog; path = "Preview Assets.xcassets"; sourceTree = "<group>"; };
		DD610CEC2822011D00C74591 /* NoticiasView.swift */ = {isa = PBXFileReference; lastKnownFileType = sourcecode.swift; path = NoticiasView.swift; sourceTree = "<group>"; };
		DD610CEE2822012C00C74591 /* OcorrenciasView.swift */ = {isa = PBXFileReference; lastKnownFileType = sourcecode.swift; path = OcorrenciasView.swift; sourceTree = "<group>"; };
		DD610CF02822014400C74591 /* PerfilView.swift */ = {isa = PBXFileReference; lastKnownFileType = sourcecode.swift; path = PerfilView.swift; sourceTree = "<group>"; };
		DD610CF22822015000C74591 /* SaudeView.swift */ = {isa = PBXFileReference; lastKnownFileType = sourcecode.swift; path = SaudeView.swift; sourceTree = "<group>"; };
		DD610CF4282201B000C74591 /* MarcarConsultaView.swift */ = {isa = PBXFileReference; lastKnownFileType = sourcecode.swift; path = MarcarConsultaView.swift; sourceTree = "<group>"; };
/* End PBXFileReference section */

/* Begin PBXFrameworksBuildPhase section */
		DD610CD72822005800C74591 /* Frameworks */ = {
			isa = PBXFrameworksBuildPhase;
			buildActionMask = 2147483647;
			files = (
			);
			runOnlyForDeploymentPostprocessing = 0;
		};
/* End PBXFrameworksBuildPhase section */

/* Begin PBXGroup section */
		DD610CD12822005700C74591 = {
			isa = PBXGroup;
			children = (
				DD610CEB282200E900C74591 /* View */,
				DD610CDC2822005800C74591 /* ChallengeMvp */,
				DD610CDB2822005800C74591 /* Products */,
			);
			sourceTree = "<group>";
		};
		DD610CDB2822005800C74591 /* Products */ = {
			isa = PBXGroup;
			children = (
				DD610CDA2822005800C74591 /* ChallengeMvp.app */,
			);
			name = Products;
			sourceTree = "<group>";
		};
		DD610CDC2822005800C74591 /* ChallengeMvp */ = {
			isa = PBXGroup;
			children = (
				DD610CDD2822005800C74591 /* ChallengeMvpApp.swift */,
				DD610CDF2822005800C74591 /* ContentView.swift */,
				DD610CE12822005A00C74591 /* Assets.xcassets */,
				DD610CE32822005A00C74591 /* Preview Content */,
			);
			path = ChallengeMvp;
			sourceTree = "<group>";
		};
		DD610CE32822005A00C74591 /* Preview Content */ = {
			isa = PBXGroup;
			children = (
				DD610CE42822005A00C74591 /* Preview Assets.xcassets */,
			);
			path = "Preview Content";
			sourceTree = "<group>";
		};
		DD610CEB282200E900C74591 /* View */ = {
			isa = PBXGroup;
			children = (
				DD610CEC2822011D00C74591 /* NoticiasView.swift */,
				DD610CEE2822012C00C74591 /* OcorrenciasView.swift */,
				DD610CF02822014400C74591 /* PerfilView.swift */,
				DD610CF22822015000C74591 /* SaudeView.swift */,
				DD610CF4282201B000C74591 /* MarcarConsultaView.swift */,
			);
			path = View;
			sourceTree = "<group>";
		};
/* End PBXGroup section */

/* Begin PBXNativeTarget section */
		DD610CD92822005800C74591 /* ChallengeMvp */ = {
			isa = PBXNativeTarget;
			buildConfigurationList = DD610CE82822005A00C74591 /* Build configuration list for PBXNativeTarget "ChallengeMvp" */;
			buildPhases = (
				DD610CD62822005800C74591 /* Sources */,
				DD610CD72822005800C74591 /* Frameworks */,
				DD610CD82822005800C74591 /* Resources */,
			);
			buildRules = (
			);
			dependencies = (
			);
			name = ChallengeMvp;
			productName = ChallengeMvp;
			productReference = DD610CDA2822005800C74591 /* ChallengeMvp.app */;
			productType = "com.apple.product-type.application";
		};
/* End PBXNativeTarget section */

/* Begin PBXProject section */
		DD610CD22822005700C74591 /* Project object */ = {
			isa = PBXProject;
			attributes = {
				BuildIndependentTargetsInParallel = 1;
				LastSwiftUpdateCheck = 1330;
				LastUpgradeCheck = 1330;
				TargetAttributes = {
					DD610CD92822005800C74591 = {
						CreatedOnToolsVersion = 13.3;
					};
				};
			};
			buildConfigurationList = DD610CD52822005800C74591 /* Build configuration list for PBXProject "ChallengeMvp" */;
			compatibilityVersion = "Xcode 13.0";
			developmentRegion = en;
			hasScannedForEncodings = 0;
			knownRegions = (
				en,
				Base,
			);
			mainGroup = DD610CD12822005700C74591;
			productRefGroup = DD610CDB2822005800C74591 /* Products */;
			projectDirPath = "";
			projectRoot = "";
			targets = (
				DD610CD92822005800C74591 /* ChallengeMvp */,
			);
		};
/* End PBXProject section */

/* Begin PBXResourcesBuildPhase section */
		DD610CD82822005800C74591 /* Resources */ = {
			isa = PBXResourcesBuildPhase;
			buildActionMask = 2147483647;
			files = (
				DD610CE52822005A00C74591 /* Preview Assets.xcassets in Resources */,
				DD610CE22822005A00C74591 /* Assets.xcassets in Resources */,
			);
			runOnlyForDeploymentPostprocessing = 0;
		};
/* End PBXResourcesBuildPhase section */

/* Begin PBXSourcesBuildPhase section */
		DD610CD62822005800C74591 /* Sources */ = {
			isa = PBXSourcesBuildPhase;
			buildActionMask = 2147483647;
			files = (
				DD610CE02822005800C74591 /* ContentView.swift in Sources */,
				DD610CF5282201B000C74591 /* MarcarConsultaView.swift in Sources */,
				DD610CED2822011D00C74591 /* NoticiasView.swift in Sources */,
				DD610CF12822014400C74591 /* PerfilView.swift in Sources */,
				DD610CDE2822005800C74591 /* ChallengeMvpApp.swift in Sources */,
				DD610CEF2822012C00C74591 /* OcorrenciasView.swift in Sources */,
				DD610CF32822015000C74591 /* SaudeView.swift in Sources */,
			);
			runOnlyForDeploymentPostprocessing = 0;
		};
/* End PBXSourcesBuildPhase section */

/* Begin XCBuildConfiguration section */
		DD610CE62822005A00C74591 /* Debug */ = {
			isa = XCBuildConfiguration;
			buildSettings = {
				ALWAYS_SEARCH_USER_PATHS = NO;
				CLANG_ANALYZER_NONNULL = YES;
				CLANG_ANALYZER_NUMBER_OBJECT_CONVERSION = YES_AGGRESSIVE;
				CLANG_CXX_LANGUAGE_STANDARD = "gnu++17";
				CLANG_ENABLE_MODULES = YES;
				CLANG_ENABLE_OBJC_ARC = YES;
				CLANG_ENABLE_OBJC_WEAK = YES;
				CLANG_WARN_BLOCK_CAPTURE_AUTORELEASING = YES;
				CLANG_WARN_BOOL_CONVERSION = YES;
				CLANG_WARN_COMMA = YES;
				CLANG_WARN_CONSTANT_CONVERSION = YES;
				CLANG_WARN_DEPRECATED_OBJC_IMPLEMENTATIONS = YES;
				CLANG_WARN_DIRECT_OBJC_ISA_USAGE = YES_ERROR;
				CLANG_WARN_DOCUMENTATION_COMMENTS = YES;
				CLANG_WARN_EMPTY_BODY = YES;
				CLANG_WARN_ENUM_CONVERSION = YES;
				CLANG_WARN_INFINITE_RECURSION = YES;
				CLANG_WARN_INT_CONVERSION = YES;
				CLANG_WARN_NON_LITERAL_NULL_CONVERSION = YES;
				CLANG_WARN_OBJC_IMPLICIT_RETAIN_SELF = YES;
				CLANG_WARN_OBJC_LITERAL_CONVERSION = YES;
				CLANG_WARN_OBJC_ROOT_CLASS = YES_ERROR;
				CLANG_WARN_QUOTED_INCLUDE_IN_FRAMEWORK_HEADER = YES;
				CLANG_WARN_RANGE_LOOP_ANALYSIS = YES;
				CLANG_WARN_STRICT_PROTOTYPES = YES;
				CLANG_WARN_SUSPICIOUS_MOVE = YES;
				CLANG_WARN_UNGUARDED_AVAILABILITY = YES_AGGRESSIVE;
				CLANG_WARN_UNREACHABLE_CODE = YES;
				CLANG_WARN__DUPLICATE_METHOD_MATCH = YES;
				COPY_PHASE_STRIP = NO;
				DEBUG_INFORMATION_FORMAT = dwarf;
				ENABLE_STRICT_OBJC_MSGSEND = YES;
				ENABLE_TESTABILITY = YES;
				GCC_C_LANGUAGE_STANDARD = gnu11;
				GCC_DYNAMIC_NO_PIC = NO;
				GCC_NO_COMMON_BLOCKS = YES;
				GCC_OPTIMIZATION_LEVEL = 0;
				GCC_PREPROCESSOR_DEFINITIONS = (
					"DEBUG=1",
					"$(inherited)",
				);
				GCC_WARN_64_TO_32_BIT_CONVERSION = YES;
				GCC_WARN_ABOUT_RETURN_TYPE = YES_ERROR;
				GCC_WARN_UNDECLARED_SELECTOR = YES;
				GCC_WARN_UNINITIALIZED_AUTOS = YES_AGGRESSIVE;
				GCC_WARN_UNUSED_FUNCTION = YES;
				GCC_WARN_UNUSED_VARIABLE = YES;
				IPHONEOS_DEPLOYMENT_TARGET = 15.4;
				MTL_ENABLE_DEBUG_INFO = INCLUDE_SOURCE;
				MTL_FAST_MATH = YES;
				ONLY_ACTIVE_ARCH = YES;
				SDKROOT = iphoneos;
				SWIFT_ACTIVE_COMPILATION_CONDITIONS = DEBUG;
				SWIFT_OPTIMIZATION_LEVEL = "-Onone";
			};
			name = Debug;
		};
		DD610CE72822005A00C74591 /* Release */ = {
			isa = XCBuildConfiguration;
			buildSettings = {
				ALWAYS_SEARCH_USER_PATHS = NO;
				CLANG_ANALYZER_NONNULL = YES;
				CLANG_ANALYZER_NUMBER_OBJECT_CONVERSION = YES_AGGRESSIVE;
				CLANG_CXX_LANGUAGE_STANDARD = "gnu++17";
				CLANG_ENABLE_MODULES = YES;
				CLANG_ENABLE_OBJC_ARC = YES;
				CLANG_ENABLE_OBJC_WEAK = YES;
				CLANG_WARN_BLOCK_CAPTURE_AUTORELEASING = YES;
				CLANG_WARN_BOOL_CONVERSION = YES;
				CLANG_WARN_COMMA = YES;
				CLANG_WARN_CONSTANT_CONVERSION = YES;
				CLANG_WARN_DEPRECATED_OBJC_IMPLEMENTATIONS = YES;
				CLANG_WARN_DIRECT_OBJC_ISA_USAGE = YES_ERROR;
				CLANG_WARN_DOCUMENTATION_COMMENTS = YES;
				CLANG_WARN_EMPTY_BODY = YES;
				CLANG_WARN_ENUM_CONVERSION = YES;
				CLANG_WARN_INFINITE_RECURSION = YES;
				CLANG_WARN_INT_CONVERSION = YES;
				CLANG_WARN_NON_LITERAL_NULL_CONVERSION = YES;
				CLANG_WARN_OBJC_IMPLICIT_RETAIN_SELF = YES;
				CLANG_WARN_OBJC_LITERAL_CONVERSION = YES;
				CLANG_WARN_OBJC_ROOT_CLASS = YES_ERROR;
				CLANG_WARN_QUOTED_INCLUDE_IN_FRAMEWORK_HEADER = YES;
				CLANG_WARN_RANGE_LOOP_ANALYSIS = YES;
				CLANG_WARN_STRICT_PROTOTYPES = YES;
				CLANG_WARN_SUSPICIOUS_MOVE = YES;
				CLANG_WARN_UNGUARDED_AVAILABILITY = YES_AGGRESSIVE;
				CLANG_WARN_UNREACHABLE_CODE = YES;
				CLANG_WARN__DUPLICATE_METHOD_MATCH = YES;
				COPY_PHASE_STRIP = NO;
				DEBUG_INFORMATION_FORMAT = "dwarf-with-dsym";
				ENABLE_NS_ASSERTIONS = NO;
				ENABLE_STRICT_OBJC_MSGSEND = YES;
				GCC_C_LANGUAGE_STANDARD = gnu11;
				GCC_NO_COMMON_BLOCKS = YES;
				GCC_WARN_64_TO_32_BIT_CONVERSION = YES;
				GCC_WARN_ABOUT_RETURN_TYPE = YES_ERROR;
				GCC_WARN_UNDECLARED_SELECTOR = YES;
				GCC_WARN_UNINITIALIZED_AUTOS = YES_AGGRESSIVE;
				GCC_WARN_UNUSED_FUNCTION = YES;
				GCC_WARN_UNUSED_VARIABLE = YES;
				IPHONEOS_DEPLOYMENT_TARGET = 15.4;
				MTL_ENABLE_DEBUG_INFO = NO;
				MTL_FAST_MATH = YES;
				SDKROOT = iphoneos;
				SWIFT_COMPILATION_MODE = wholemodule;
				SWIFT_OPTIMIZATION_LEVEL = "-O";
				VALIDATE_PRODUCT = YES;
			};
			name = Release;
		};
		DD610CE92822005A00C74591 /* Debug */ = {
			isa = XCBuildConfiguration;
			buildSettings = {
				ASSETCATALOG_COMPILER_APPICON_NAME = AppIcon;
				ASSETCATALOG_COMPILER_GLOBAL_ACCENT_COLOR_NAME = AccentColor;
				CODE_SIGN_STYLE = Automatic;
				CURRENT_PROJECT_VERSION = 1;
				DEVELOPMENT_ASSET_PATHS = "\"ChallengeMvp/Preview Content\"";
				DEVELOPMENT_TEAM = 2D837DJ3YC;
				ENABLE_PREVIEWS = YES;
				GENERATE_INFOPLIST_FILE = YES;
				INFOPLIST_KEY_UIApplicationSceneManifest_Generation = YES;
				INFOPLIST_KEY_UIApplicationSupportsIndirectInputEvents = YES;
				INFOPLIST_KEY_UILaunchScreen_Generation = YES;
				INFOPLIST_KEY_UISupportedInterfaceOrientations_iPad = "UIInterfaceOrientationPortrait UIInterfaceOrientationPortraitUpsideDown UIInterfaceOrientationLandscapeLeft UIInterfaceOrientationLandscapeRight";
				INFOPLIST_KEY_UISupportedInterfaceOrientations_iPhone = "UIInterfaceOrientationPortrait UIInterfaceOrientationLandscapeLeft UIInterfaceOrientationLandscapeRight";
				LD_RUNPATH_SEARCH_PATHS = (
					"$(inherited)",
					"@executable_path/Frameworks",
				);
				MARKETING_VERSION = 1.0;
				PRODUCT_BUNDLE_IDENTIFIER = "cicero-nascimento.ChallengeMvp";
				PRODUCT_NAME = "$(TARGET_NAME)";
				SWIFT_EMIT_LOC_STRINGS = YES;
				SWIFT_VERSION = 5.0;
				TARGETED_DEVICE_FAMILY = "1,2";
			};
			name = Debug;
		};
		DD610CEA2822005A00C74591 /* Release */ = {
			isa = XCBuildConfiguration;
			buildSettings = {
				ASSETCATALOG_COMPILER_APPICON_NAME = AppIcon;
				ASSETCATALOG_COMPILER_GLOBAL_ACCENT_COLOR_NAME = AccentColor;
				CODE_SIGN_STYLE = Automatic;
				CURRENT_PROJECT_VERSION = 1;
				DEVELOPMENT_ASSET_PATHS = "\"ChallengeMvp/Preview Content\"";
				DEVELOPMENT_TEAM = 2D837DJ3YC;
				ENABLE_PREVIEWS = YES;
				GENERATE_INFOPLIST_FILE = YES;
				INFOPLIST_KEY_UIApplicationSceneManifest_Generation = YES;
				INFOPLIST_KEY_UIApplicationSupportsIndirectInputEvents = YES;
				INFOPLIST_KEY_UILaunchScreen_Generation = YES;
				INFOPLIST_KEY_UISupportedInterfaceOrientations_iPad = "UIInterfaceOrientationPortrait UIInterfaceOrientationPortraitUpsideDown UIInterfaceOrientationLandscapeLeft UIInterfaceOrientationLandscapeRight";
				INFOPLIST_KEY_UISupportedInterfaceOrientations_iPhone = "UIInterfaceOrientationPortrait UIInterfaceOrientationLandscapeLeft UIInterfaceOrientationLandscapeRight";
				LD_RUNPATH_SEARCH_PATHS = (
					"$(inherited)",
					"@executable_path/Frameworks",
				);
				MARKETING_VERSION = 1.0;
				PRODUCT_BUNDLE_IDENTIFIER = "cicero-nascimento.ChallengeMvp";
				PRODUCT_NAME = "$(TARGET_NAME)";
				SWIFT_EMIT_LOC_STRINGS = YES;
				SWIFT_VERSION = 5.0;
				TARGETED_DEVICE_FAMILY = "1,2";
			};
			name = Release;
		};
/* End XCBuildConfiguration section */

/* Begin XCConfigurationList section */
		DD610CD52822005800C74591 /* Build configuration list for PBXProject "ChallengeMvp" */ = {
			isa = XCConfigurationList;
			buildConfigurations = (
				DD610CE62822005A00C74591 /* Debug */,
				DD610CE72822005A00C74591 /* Release */,
			);
			defaultConfigurationIsVisible = 0;
			defaultConfigurationName = Release;
		};
		DD610CE82822005A00C74591 /* Build configuration list for PBXNativeTarget "ChallengeMvp" */ = {
			isa = XCConfigurationList;
			buildConfigurations = (
				DD610CE92822005A00C74591 /* Debug */,
				DD610CEA2822005A00C74591 /* Release */,
			);
			defaultConfigurationIsVisible = 0;
			defaultConfigurationName = Release;
		};
/* End XCConfigurationList section */
	};
	rootObject = DD610CD22822005700C74591 /* Project object */;
}
